<?xml version="1.0" encoding="utf-8"?>
<Project ToolsVersion="4.0" xmlns="http://schemas.microsoft.com/developer/msbuild/2003">
  <ItemGroup>
    <Filter Include="Source files">
      <UniqueIdentifier>{5ac80a8c-67a0-4564-85bc-5fc41fa93a8e}</UniqueIdentifier>
      <Extensions>cpp;c;cc;cxx;def;odl;idl;hpj;bat;asm;asmx</Extensions>
    </Filter>
    <Filter Include="Header files">
      <UniqueIdentifier>{aec42e1f-72c3-481d-8ea8-e4c432cf800c}</UniqueIdentifier>
      <Extensions>h;hpp;hxx;hm;inl;inc;xsd</Extensions>
    </Filter>
    <Filter Include="Resource files">
      <UniqueIdentifier>{c18e6fdd-a557-4511-9f6a-589729bdcdad}</UniqueIdentifier>
      <Extensions>rc;ico;cur;bmp;dlg;rc2;rct;bin;rgs;gif;jpg;jpeg;jpe;resx;tiff;tif;png;wav</Extensions>
    </Filter>
    <Filter Include="Source files\Inc">
      <UniqueIdentifier>{b7563c23-b562-42da-8306-2c2525b1e634}</UniqueIdentifier>
    </Filter>
    <Filter Include="Header files\Inc">
      <UniqueIdentifier>{a11e8705-cc13-443d-8f39-ad69762a16be}</UniqueIdentifier>
    </Filter>
    <Filter Include="Source files\Src">
      <UniqueIdentifier>{4deeaf4e-b489-4709-90ed-fe69e9f595e8}</UniqueIdentifier>
    </Filter>
    <Filter Include="Header files\Src">
      <UniqueIdentifier>{71cc01b0-363f-4708-91cc-1f6f83173730}</UniqueIdentifier>
    </Filter>
    <Filter Include="Make files">
      <UniqueIdentifier>{bee9bcf5-5162-4e99-b839-aeb2727f17b8}</UniqueIdentifier>
      <Extensions>*.mak</Extensions>
    </Filter>
    <Filter Include="VisualGDB settings">
      <UniqueIdentifier>{53fe01d1-fedb-4ac0-9c34-f07b89846dbd}</UniqueIdentifier>
      <Extensions>*.vgdbsettings</Extensions>
    </Filter>
    <Filter Include="Source files\Device-specific files">
      <UniqueIdentifier>{ac964838-2406-4897-9d2e-196ca498fa5a}</UniqueIdentifier>
    </Filter>
    <Filter Include="Header files\Device-specific files">
      <UniqueIdentifier>{4ce5bf09-5954-4cad-9a1b-3881ccc5a49e}</UniqueIdentifier>
    </Filter>
    <Filter Include="Source files\Device-specific files\HAL">
      <UniqueIdentifier>{195a1fef-1efe-45a3-a8ff-b3a2c1e144ce}</UniqueIdentifier>
    </Filter>
    <Filter Include="Header files\Device-specific files\HAL">
      <UniqueIdentifier>{52030e7d-21c0-4556-812e-b7786a071080}</UniqueIdentifier>
    </Filter>
    <Filter Include="Source files\Device-specific files\FreeRTOS">
      <UniqueIdentifier>{26a02409-ab07-472b-861b-11e541c8d0fc}</UniqueIdentifier>
    </Filter>
    <Filter Include="Header files\Device-specific files\FreeRTOS">
      <UniqueIdentifier>{07b8b11b-8179-4066-9d96-83399c7bb645}</UniqueIdentifier>
    </Filter>
  </ItemGroup>
  <ItemGroup>
    <ClInclude Include="..\Inc\adc.h">
      <Filter>Header files\Inc</Filter>
    </ClInclude>
    <ClInclude Include="..\Inc\dac.h">
      <Filter>Header files\Inc</Filter>
    </ClInclude>
    <ClInclude Include="..\Inc\dataProcessing.h">
      <Filter>Header files\Inc</Filter>
    </ClInclude>
    <ClInclude Include="..\Inc\FreeRTOSConfig.h">
      <Filter>Header files\Inc</Filter>
    </ClInclude>
    <ClInclude Include="..\Inc\gpio.h">
      <Filter>Header files\Inc</Filter>
    </ClInclude>
    <ClInclude Include="..\Inc\i2c.h">
      <Filter>Header files\Inc</Filter>
    </ClInclude>
    <ClInclude Include="..\Inc\main.h">
      <Filter>Header files\Inc</Filter>
    </ClInclude>
    <ClInclude Include="..\Inc\modbusToAndroid.h">
      <Filter>Header files\Inc</Filter>
    </ClInclude>
    <ClInclude Include="..\Inc\stm32f1xx_hal_conf.h">
      <Filter>Header files\Inc</Filter>
    </ClInclude>
    <ClInclude Include="..\Inc\stm32f1xx_it.h">
      <Filter>Header files\Inc</Filter>
    </ClInclude>
    <ClInclude Include="..\Inc\usart.h">
      <Filter>Header files\Inc</Filter>
    </ClInclude>
    <ClCompile Include="$(BSP_ROOT)\STM32F1xxxx\StartupFiles\startup_stm32f103xe.c">
      <Filter>Source files\Device-specific files</Filter>
    </ClCompile>
    <None Include="$(BSP_ROOT)\FreeRTOS\License\license.txt">
      <Filter>Source files\Device-specific files\FreeRTOS</Filter>
    </None>
    <ClCompile Include="$(BSP_ROOT)\FreeRTOS\Source\croutine.c">
      <Filter>Source files\Device-specific files\FreeRTOS</Filter>
    </ClCompile>
    <ClCompile Include="$(BSP_ROOT)\FreeRTOS\Source\event_groups.c">
      <Filter>Source files\Device-specific files\FreeRTOS</Filter>
    </ClCompile>
    <ClCompile Include="$(BSP_ROOT)\FreeRTOS\Source\list.c">
      <Filter>Source files\Device-specific files\FreeRTOS</Filter>
    </ClCompile>
    <ClCompile Include="$(BSP_ROOT)\FreeRTOS\Source\queue.c">
      <Filter>Source files\Device-specific files\FreeRTOS</Filter>
    </ClCompile>
    <None Include="$(BSP_ROOT)\FreeRTOS\Source\readme.txt">
      <Filter>Source files\Device-specific files\FreeRTOS</Filter>
    </None>
    <None Include="$(BSP_ROOT)\FreeRTOS\Source\st_readme.txt">
      <Filter>Source files\Device-specific files\FreeRTOS</Filter>
    </None>
    <ClCompile Include="$(BSP_ROOT)\FreeRTOS\Source\tasks.c">
      <Filter>Source files\Device-specific files\FreeRTOS</Filter>
    </ClCompile>
    <ClCompile Include="$(BSP_ROOT)\FreeRTOS\Source\timers.c">
      <Filter>Source files\Device-specific files\FreeRTOS</Filter>
    </ClCompile>
    <ClCompile Include="$(BSP_ROOT)\FreeRTOS\Source\CMSIS_RTOS\cmsis_os.c">
      <Filter>Source files\Device-specific files\FreeRTOS</Filter>
    </ClCompile>
    <ClCompile Include="$(BSP_ROOT)\FreeRTOS\Source\portable\GCC\ARM_CM3\port.c">
      <Filter>Source files\Device-specific files\FreeRTOS</Filter>
    </ClCompile>
    <ClCompile Include="$(BSP_ROOT)\FreeRTOS\Source\portable\MemMang\heap_4.c">
      <Filter>Source files\Device-specific files\FreeRTOS</Filter>
    </ClCompile>
    <ClCompile Include="$(BSP_ROOT)\STM32F1xxxx\STM32F1xx_HAL_Driver\Src\stm32f1xx_hal.c">
      <Filter>Source files\Device-specific files\HAL</Filter>
    </ClCompile>
    <ClCompile Include="$(BSP_ROOT)\STM32F1xxxx\STM32F1xx_HAL_Driver\Src\stm32f1xx_hal_adc.c">
      <Filter>Source files\Device-specific files\HAL</Filter>
    </ClCompile>
    <ClCompile Include="$(BSP_ROOT)\STM32F1xxxx\STM32F1xx_HAL_Driver\Src\stm32f1xx_hal_adc_ex.c">
      <Filter>Source files\Device-specific files\HAL</Filter>
    </ClCompile>
    <ClCompile Include="$(BSP_ROOT)\STM32F1xxxx\STM32F1xx_HAL_Driver\Src\stm32f1xx_hal_can.c">
      <Filter>Source files\Device-specific files\HAL</Filter>
    </ClCompile>
    <ClCompile Include="$(BSP_ROOT)\STM32F1xxxx\STM32F1xx_HAL_Driver\Src\stm32f1xx_hal_cec.c">
      <Filter>Source files\Device-specific files\HAL</Filter>
    </ClCompile>
    <ClCompile Include="$(BSP_ROOT)\STM32F1xxxx\STM32F1xx_HAL_Driver\Src\stm32f1xx_hal_cortex.c">
      <Filter>Source files\Device-specific files\HAL</Filter>
    </ClCompile>
    <ClCompile Include="$(BSP_ROOT)\STM32F1xxxx\STM32F1xx_HAL_Driver\Src\stm32f1xx_hal_crc.c">
      <Filter>Source files\Device-specific files\HAL</Filter>
    </ClCompile>
    <ClCompile Include="$(BSP_ROOT)\STM32F1xxxx\STM32F1xx_HAL_Driver\Src\stm32f1xx_hal_dac.c">
      <Filter>Source files\Device-specific files\HAL</Filter>
    </ClCompile>
    <ClCompile Include="$(BSP_ROOT)\STM32F1xxxx\STM32F1xx_HAL_Driver\Src\stm32f1xx_hal_dac_ex.c">
      <Filter>Source files\Device-specific files\HAL</Filter>
    </ClCompile>
    <ClCompile Include="$(BSP_ROOT)\STM32F1xxxx\STM32F1xx_HAL_Driver\Src\stm32f1xx_hal_dma.c">
      <Filter>Source files\Device-specific files\HAL</Filter>
    </ClCompile>
    <ClCompile Include="$(BSP_ROOT)\STM32F1xxxx\STM32F1xx_HAL_Driver\Src\stm32f1xx_hal_eth.c">
      <Filter>Source files\Device-specific files\HAL</Filter>
    </ClCompile>
    <ClCompile Include="$(BSP_ROOT)\STM32F1xxxx\STM32F1xx_HAL_Driver\Src\stm32f1xx_hal_flash.c">
      <Filter>Source files\Device-specific files\HAL</Filter>
    </ClCompile>
    <ClCompile Include="$(BSP_ROOT)\STM32F1xxxx\STM32F1xx_HAL_Driver\Src\stm32f1xx_hal_flash_ex.c">
      <Filter>Source files\Device-specific files\HAL</Filter>
    </ClCompile>
    <ClCompile Include="$(BSP_ROOT)\STM32F1xxxx\STM32F1xx_HAL_Driver\Src\stm32f1xx_hal_gpio.c">
      <Filter>Source files\Device-specific files\HAL</Filter>
    </ClCompile>
    <ClCompile Include="$(BSP_ROOT)\STM32F1xxxx\STM32F1xx_HAL_Driver\Src\stm32f1xx_hal_gpio_ex.c">
      <Filter>Source files\Device-specific files\HAL</Filter>
    </ClCompile>
    <ClCompile Include="$(BSP_ROOT)\STM32F1xxxx\STM32F1xx_HAL_Driver\Src\stm32f1xx_hal_hcd.c">
      <Filter>Source files\Device-specific files\HAL</Filter>
    </ClCompile>
    <ClCompile Include="$(BSP_ROOT)\STM32F1xxxx\STM32F1xx_HAL_Driver\Src\stm32f1xx_hal_i2c.c">
      <Filter>Source files\Device-specific files\HAL</Filter>
    </ClCompile>
    <ClCompile Include="$(BSP_ROOT)\STM32F1xxxx\STM32F1xx_HAL_Driver\Src\stm32f1xx_hal_i2s.c">
      <Filter>Source files\Device-specific files\HAL</Filter>
    </ClCompile>
    <ClCompile Include="$(BSP_ROOT)\STM32F1xxxx\STM32F1xx_HAL_Driver\Src\stm32f1xx_hal_irda.c">
      <Filter>Source files\Device-specific files\HAL</Filter>
    </ClCompile>
    <ClCompile Include="$(BSP_ROOT)\STM32F1xxxx\STM32F1xx_HAL_Driver\Src\stm32f1xx_hal_iwdg.c">
      <Filter>Source files\Device-specific files\HAL</Filter>
    </ClCompile>
    <ClCompile Include="$(BSP_ROOT)\STM32F1xxxx\STM32F1xx_HAL_Driver\Src\stm32f1xx_hal_mmc.c">
      <Filter>Source files\Device-specific files\HAL</Filter>
    </ClCompile>
    <ClCompile Include="$(BSP_ROOT)\STM32F1xxxx\STM32F1xx_HAL_Driver\Src\stm32f1xx_hal_nand.c">
      <Filter>Source files\Device-specific files\HAL</Filter>
    </ClCompile>
    <ClCompile Include="$(BSP_ROOT)\STM32F1xxxx\STM32F1xx_HAL_Driver\Src\stm32f1xx_hal_nor.c">
      <Filter>Source files\Device-specific files\HAL</Filter>
    </ClCompile>
    <ClCompile Include="$(BSP_ROOT)\STM32F1xxxx\STM32F1xx_HAL_Driver\Src\stm32f1xx_hal_pccard.c">
      <Filter>Source files\Device-specific files\HAL</Filter>
    </ClCompile>
    <ClCompile Include="$(BSP_ROOT)\STM32F1xxxx\STM32F1xx_HAL_Driver\Src\stm32f1xx_hal_pcd.c">
      <Filter>Source files\Device-specific files\HAL</Filter>
    </ClCompile>
    <ClCompile Include="$(BSP_ROOT)\STM32F1xxxx\STM32F1xx_HAL_Driver\Src\stm32f1xx_hal_pcd_ex.c">
      <Filter>Source files\Device-specific files\HAL</Filter>
    </ClCompile>
    <ClCompile Include="$(BSP_ROOT)\STM32F1xxxx\STM32F1xx_HAL_Driver\Src\stm32f1xx_hal_pwr.c">
      <Filter>Source files\Device-specific files\HAL</Filter>
    </ClCompile>
    <ClCompile Include="$(BSP_ROOT)\STM32F1xxxx\STM32F1xx_HAL_Driver\Src\stm32f1xx_hal_rcc.c">
      <Filter>Source files\Device-specific files\HAL</Filter>
    </ClCompile>
    <ClCompile Include="$(BSP_ROOT)\STM32F1xxxx\STM32F1xx_HAL_Driver\Src\stm32f1xx_hal_rcc_ex.c">
      <Filter>Source files\Device-specific files\HAL</Filter>
    </ClCompile>
    <ClCompile Include="$(BSP_ROOT)\STM32F1xxxx\STM32F1xx_HAL_Driver\Src\stm32f1xx_hal_rtc.c">
      <Filter>Source files\Device-specific files\HAL</Filter>
    </ClCompile>
    <ClCompile Include="$(BSP_ROOT)\STM32F1xxxx\STM32F1xx_HAL_Driver\Src\stm32f1xx_hal_rtc_ex.c">
      <Filter>Source files\Device-specific files\HAL</Filter>
    </ClCompile>
    <ClCompile Include="$(BSP_ROOT)\STM32F1xxxx\STM32F1xx_HAL_Driver\Src\stm32f1xx_hal_sd.c">
      <Filter>Source files\Device-specific files\HAL</Filter>
    </ClCompile>
    <ClCompile Include="$(BSP_ROOT)\STM32F1xxxx\STM32F1xx_HAL_Driver\Src\stm32f1xx_hal_smartcard.c">
      <Filter>Source files\Device-specific files\HAL</Filter>
    </ClCompile>
    <ClCompile Include="$(BSP_ROOT)\STM32F1xxxx\STM32F1xx_HAL_Driver\Src\stm32f1xx_hal_spi.c">
      <Filter>Source files\Device-specific files\HAL</Filter>
    </ClCompile>
    <ClCompile Include="$(BSP_ROOT)\STM32F1xxxx\STM32F1xx_HAL_Driver\Src\stm32f1xx_hal_spi_ex.c">
      <Filter>Source files\Device-specific files\HAL</Filter>
    </ClCompile>
    <ClCompile Include="$(BSP_ROOT)\STM32F1xxxx\STM32F1xx_HAL_Driver\Src\stm32f1xx_hal_sram.c">
      <Filter>Source files\Device-specific files\HAL</Filter>
    </ClCompile>
    <ClCompile Include="$(BSP_ROOT)\STM32F1xxxx\STM32F1xx_HAL_Driver\Src\stm32f1xx_hal_tim.c">
      <Filter>Source files\Device-specific files\HAL</Filter>
    </ClCompile>
    <ClCompile Include="$(BSP_ROOT)\STM32F1xxxx\STM32F1xx_HAL_Driver\Src\stm32f1xx_hal_tim_ex.c">
      <Filter>Source files\Device-specific files\HAL</Filter>
    </ClCompile>
    <ClCompile Include="$(BSP_ROOT)\STM32F1xxxx\STM32F1xx_HAL_Driver\Src\stm32f1xx_hal_uart.c">
      <Filter>Source files\Device-specific files\HAL</Filter>
    </ClCompile>
    <ClCompile Include="$(BSP_ROOT)\STM32F1xxxx\STM32F1xx_HAL_Driver\Src\stm32f1xx_hal_usart.c">
      <Filter>Source files\Device-specific files\HAL</Filter>
    </ClCompile>
    <ClCompile Include="$(BSP_ROOT)\STM32F1xxxx\STM32F1xx_HAL_Driver\Src\stm32f1xx_hal_wwdg.c">
      <Filter>Source files\Device-specific files\HAL</Filter>
    </ClCompile>
    <ClCompile Include="$(BSP_ROOT)\STM32F1xxxx\STM32F1xx_HAL_Driver\Src\stm32f1xx_ll_adc.c">
      <Filter>Source files\Device-specific files\HAL</Filter>
    </ClCompile>
    <ClCompile Include="$(BSP_ROOT)\STM32F1xxxx\STM32F1xx_HAL_Driver\Src\stm32f1xx_ll_crc.c">
      <Filter>Source files\Device-specific files\HAL</Filter>
    </ClCompile>
    <ClCompile Include="$(BSP_ROOT)\STM32F1xxxx\STM32F1xx_HAL_Driver\Src\stm32f1xx_ll_dac.c">
      <Filter>Source files\Device-specific files\HAL</Filter>
    </ClCompile>
    <ClCompile Include="$(BSP_ROOT)\STM32F1xxxx\STM32F1xx_HAL_Driver\Src\stm32f1xx_ll_dma.c">
      <Filter>Source files\Device-specific files\HAL</Filter>
    </ClCompile>
    <ClCompile Include="$(BSP_ROOT)\STM32F1xxxx\STM32F1xx_HAL_Driver\Src\stm32f1xx_ll_exti.c">
      <Filter>Source files\Device-specific files\HAL</Filter>
    </ClCompile>
    <ClCompile Include="$(BSP_ROOT)\STM32F1xxxx\STM32F1xx_HAL_Driver\Src\stm32f1xx_ll_fsmc.c">
      <Filter>Source files\Device-specific files\HAL</Filter>
    </ClCompile>
    <ClCompile Include="$(BSP_ROOT)\STM32F1xxxx\STM32F1xx_HAL_Driver\Src\stm32f1xx_ll_gpio.c">
      <Filter>Source files\Device-specific files\HAL</Filter>
    </ClCompile>
    <ClCompile Include="$(BSP_ROOT)\STM32F1xxxx\STM32F1xx_HAL_Driver\Src\stm32f1xx_ll_i2c.c">
      <Filter>Source files\Device-specific files\HAL</Filter>
    </ClCompile>
    <ClCompile Include="$(BSP_ROOT)\STM32F1xxxx\STM32F1xx_HAL_Driver\Src\stm32f1xx_ll_pwr.c">
      <Filter>Source files\Device-specific files\HAL</Filter>
    </ClCompile>
    <ClCompile Include="$(BSP_ROOT)\STM32F1xxxx\STM32F1xx_HAL_Driver\Src\stm32f1xx_ll_rcc.c">
      <Filter>Source files\Device-specific files\HAL</Filter>
    </ClCompile>
    <ClCompile Include="$(BSP_ROOT)\STM32F1xxxx\STM32F1xx_HAL_Driver\Src\stm32f1xx_ll_rtc.c">
      <Filter>Source files\Device-specific files\HAL</Filter>
    </ClCompile>
    <ClCompile Include="$(BSP_ROOT)\STM32F1xxxx\STM32F1xx_HAL_Driver\Src\stm32f1xx_ll_sdmmc.c">
      <Filter>Source files\Device-specific files\HAL</Filter>
    </ClCompile>
    <ClCompile Include="$(BSP_ROOT)\STM32F1xxxx\STM32F1xx_HAL_Driver\Src\stm32f1xx_ll_spi.c">
      <Filter>Source files\Device-specific files\HAL</Filter>
    </ClCompile>
    <ClCompile Include="$(BSP_ROOT)\STM32F1xxxx\STM32F1xx_HAL_Driver\Src\stm32f1xx_ll_tim.c">
      <Filter>Source files\Device-specific files\HAL</Filter>
    </ClCompile>
    <ClCompile Include="$(BSP_ROOT)\STM32F1xxxx\STM32F1xx_HAL_Driver\Src\stm32f1xx_ll_usart.c">
      <Filter>Source files\Device-specific files\HAL</Filter>
    </ClCompile>
    <ClCompile Include="$(BSP_ROOT)\STM32F1xxxx\STM32F1xx_HAL_Driver\Src\stm32f1xx_ll_usb.c">
      <Filter>Source files\Device-specific files\HAL</Filter>
    </ClCompile>
    <ClCompile Include="$(BSP_ROOT)\STM32F1xxxx\STM32F1xx_HAL_Driver\Src\stm32f1xx_ll_utils.c">
      <Filter>Source files\Device-specific files\HAL</Filter>
    </ClCompile>
    <ClInclude Include="$(BSP_ROOT)\FreeRTOS\Source\CMSIS_RTOS\cmsis_os.h">
      <Filter>Header files\Device-specific files\FreeRTOS</Filter>
    </ClInclude>
    <ClInclude Include="$(BSP_ROOT)\FreeRTOS\Source\include\croutine.h">
      <Filter>Header files\Device-specific files\FreeRTOS</Filter>
    </ClInclude>
    <ClInclude Include="$(BSP_ROOT)\FreeRTOS\Source\include\deprecated_definitions.h">
      <Filter>Header files\Device-specific files\FreeRTOS</Filter>
    </ClInclude>
    <ClInclude Include="$(BSP_ROOT)\FreeRTOS\Source\include\event_groups.h">
      <Filter>Header files\Device-specific files\FreeRTOS</Filter>
    </ClInclude>
    <ClInclude Include="$(BSP_ROOT)\FreeRTOS\Source\include\FreeRTOS.h">
      <Filter>Header files\Device-specific files\FreeRTOS</Filter>
    </ClInclude>
    <ClInclude Include="$(BSP_ROOT)\FreeRTOS\Source\include\list.h">
      <Filter>Header files\Device-specific files\FreeRTOS</Filter>
    </ClInclude>
    <ClInclude Include="$(BSP_ROOT)\FreeRTOS\Source\include\mpu_prototypes.h">
      <Filter>Header files\Device-specific files\FreeRTOS</Filter>
    </ClInclude>
    <ClInclude Include="$(BSP_ROOT)\FreeRTOS\Source\include\mpu_wrappers.h">
      <Filter>Header files\Device-specific files\FreeRTOS</Filter>
    </ClInclude>
    <ClInclude Include="$(BSP_ROOT)\FreeRTOS\Source\include\portable.h">
      <Filter>Header files\Device-specific files\FreeRTOS</Filter>
    </ClInclude>
    <ClInclude Include="$(BSP_ROOT)\FreeRTOS\Source\include\projdefs.h">
      <Filter>Header files\Device-specific files\FreeRTOS</Filter>
    </ClInclude>
    <ClInclude Include="$(BSP_ROOT)\FreeRTOS\Source\include\queue.h">
      <Filter>Header files\Device-specific files\FreeRTOS</Filter>
    </ClInclude>
    <ClInclude Include="$(BSP_ROOT)\FreeRTOS\Source\include\semphr.h">
      <Filter>Header files\Device-specific files\FreeRTOS</Filter>
    </ClInclude>
    <ClInclude Include="$(BSP_ROOT)\FreeRTOS\Source\include\StackMacros.h">
      <Filter>Header files\Device-specific files\FreeRTOS</Filter>
    </ClInclude>
    <ClInclude Include="$(BSP_ROOT)\FreeRTOS\Source\include\task.h">
      <Filter>Header files\Device-specific files\FreeRTOS</Filter>
    </ClInclude>
    <ClInclude Include="$(BSP_ROOT)\FreeRTOS\Source\include\timers.h">
      <Filter>Header files\Device-specific files\FreeRTOS</Filter>
    </ClInclude>
    <ClInclude Include="$(BSP_ROOT)\FreeRTOS\Source\portable\GCC\ARM_CM3\portmacro.h">
      <Filter>Header files\Device-specific files\FreeRTOS</Filter>
    </ClInclude>
    <ClInclude Include="$(BSP_ROOT)\STM32F1xxxx\STM32F1xx_HAL_Driver\Inc\stm32f1xx_hal.h">
      <Filter>Header files\Device-specific files\HAL</Filter>
    </ClInclude>
    <ClInclude Include="$(BSP_ROOT)\STM32F1xxxx\STM32F1xx_HAL_Driver\Inc\stm32f1xx_hal_adc.h">
      <Filter>Header files\Device-specific files\HAL</Filter>
    </ClInclude>
    <ClInclude Include="$(BSP_ROOT)\STM32F1xxxx\STM32F1xx_HAL_Driver\Inc\stm32f1xx_hal_adc_ex.h">
      <Filter>Header files\Device-specific files\HAL</Filter>
    </ClInclude>
    <ClInclude Include="$(BSP_ROOT)\STM32F1xxxx\STM32F1xx_HAL_Driver\Inc\stm32f1xx_hal_can.h">
      <Filter>Header files\Device-specific files\HAL</Filter>
    </ClInclude>
    <ClInclude Include="$(BSP_ROOT)\STM32F1xxxx\STM32F1xx_HAL_Driver\Inc\stm32f1xx_hal_can_ex.h">
      <Filter>Header files\Device-specific files\HAL</Filter>
    </ClInclude>
    <ClInclude Include="$(BSP_ROOT)\STM32F1xxxx\STM32F1xx_HAL_Driver\Inc\stm32f1xx_hal_cec.h">
      <Filter>Header files\Device-specific files\HAL</Filter>
    </ClInclude>
    <ClInclude Include="$(BSP_ROOT)\STM32F1xxxx\STM32F1xx_HAL_Driver\Inc\stm32f1xx_hal_cortex.h">
      <Filter>Header files\Device-specific files\HAL</Filter>
    </ClInclude>
    <ClInclude Include="$(BSP_ROOT)\STM32F1xxxx\STM32F1xx_HAL_Driver\Inc\stm32f1xx_hal_crc.h">
      <Filter>Header files\Device-specific files\HAL</Filter>
    </ClInclude>
    <ClInclude Include="$(BSP_ROOT)\STM32F1xxxx\STM32F1xx_HAL_Driver\Inc\stm32f1xx_hal_dac.h">
      <Filter>Header files\Device-specific files\HAL</Filter>
    </ClInclude>
    <ClInclude Include="$(BSP_ROOT)\STM32F1xxxx\STM32F1xx_HAL_Driver\Inc\stm32f1xx_hal_dac_ex.h">
      <Filter>Header files\Device-specific files\HAL</Filter>
    </ClInclude>
    <ClInclude Include="$(BSP_ROOT)\STM32F1xxxx\STM32F1xx_HAL_Driver\Inc\stm32f1xx_hal_def.h">
      <Filter>Header files\Device-specific files\HAL</Filter>
    </ClInclude>
    <ClInclude Include="$(BSP_ROOT)\STM32F1xxxx\STM32F1xx_HAL_Driver\Inc\stm32f1xx_hal_dma.h">
      <Filter>Header files\Device-specific files\HAL</Filter>
    </ClInclude>
    <ClInclude Include="$(BSP_ROOT)\STM32F1xxxx\STM32F1xx_HAL_Driver\Inc\stm32f1xx_hal_dma_ex.h">
      <Filter>Header files\Device-specific files\HAL</Filter>
    </ClInclude>
    <ClInclude Include="$(BSP_ROOT)\STM32F1xxxx\STM32F1xx_HAL_Driver\Inc\stm32f1xx_hal_eth.h">
      <Filter>Header files\Device-specific files\HAL</Filter>
    </ClInclude>
    <ClInclude Include="$(BSP_ROOT)\STM32F1xxxx\STM32F1xx_HAL_Driver\Inc\stm32f1xx_hal_flash.h">
      <Filter>Header files\Device-specific files\HAL</Filter>
    </ClInclude>
    <ClInclude Include="$(BSP_ROOT)\STM32F1xxxx\STM32F1xx_HAL_Driver\Inc\stm32f1xx_hal_flash_ex.h">
      <Filter>Header files\Device-specific files\HAL</Filter>
    </ClInclude>
    <ClInclude Include="$(BSP_ROOT)\STM32F1xxxx\STM32F1xx_HAL_Driver\Inc\stm32f1xx_hal_gpio.h">
      <Filter>Header files\Device-specific files\HAL</Filter>
    </ClInclude>
    <ClInclude Include="$(BSP_ROOT)\STM32F1xxxx\STM32F1xx_HAL_Driver\Inc\stm32f1xx_hal_gpio_ex.h">
      <Filter>Header files\Device-specific files\HAL</Filter>
    </ClInclude>
    <ClInclude Include="$(BSP_ROOT)\STM32F1xxxx\STM32F1xx_HAL_Driver\Inc\stm32f1xx_hal_hcd.h">
      <Filter>Header files\Device-specific files\HAL</Filter>
    </ClInclude>
    <ClInclude Include="$(BSP_ROOT)\STM32F1xxxx\STM32F1xx_HAL_Driver\Inc\stm32f1xx_hal_i2c.h">
      <Filter>Header files\Device-specific files\HAL</Filter>
    </ClInclude>
    <ClInclude Include="$(BSP_ROOT)\STM32F1xxxx\STM32F1xx_HAL_Driver\Inc\stm32f1xx_hal_i2s.h">
      <Filter>Header files\Device-specific files\HAL</Filter>
    </ClInclude>
    <ClInclude Include="$(BSP_ROOT)\STM32F1xxxx\STM32F1xx_HAL_Driver\Inc\stm32f1xx_hal_irda.h">
      <Filter>Header files\Device-specific files\HAL</Filter>
    </ClInclude>
    <ClInclude Include="$(BSP_ROOT)\STM32F1xxxx\STM32F1xx_HAL_Driver\Inc\stm32f1xx_hal_iwdg.h">
      <Filter>Header files\Device-specific files\HAL</Filter>
    </ClInclude>
    <ClInclude Include="$(BSP_ROOT)\STM32F1xxxx\STM32F1xx_HAL_Driver\Inc\stm32f1xx_hal_mmc.h">
      <Filter>Header files\Device-specific files\HAL</Filter>
    </ClInclude>
    <ClInclude Include="$(BSP_ROOT)\STM32F1xxxx\STM32F1xx_HAL_Driver\Inc\stm32f1xx_hal_nand.h">
      <Filter>Header files\Device-specific files\HAL</Filter>
    </ClInclude>
    <ClInclude Include="$(BSP_ROOT)\STM32F1xxxx\STM32F1xx_HAL_Driver\Inc\stm32f1xx_hal_nor.h">
      <Filter>Header files\Device-specific files\HAL</Filter>
    </ClInclude>
    <ClInclude Include="$(BSP_ROOT)\STM32F1xxxx\STM32F1xx_HAL_Driver\Inc\stm32f1xx_hal_pccard.h">
      <Filter>Header files\Device-specific files\HAL</Filter>
    </ClInclude>
    <ClInclude Include="$(BSP_ROOT)\STM32F1xxxx\STM32F1xx_HAL_Driver\Inc\stm32f1xx_hal_pcd.h">
      <Filter>Header files\Device-specific files\HAL</Filter>
    </ClInclude>
    <ClInclude Include="$(BSP_ROOT)\STM32F1xxxx\STM32F1xx_HAL_Driver\Inc\stm32f1xx_hal_pcd_ex.h">
      <Filter>Header files\Device-specific files\HAL</Filter>
    </ClInclude>
    <ClInclude Include="$(BSP_ROOT)\STM32F1xxxx\STM32F1xx_HAL_Driver\Inc\stm32f1xx_hal_pwr.h">
      <Filter>Header files\Device-specific files\HAL</Filter>
    </ClInclude>
    <ClInclude Include="$(BSP_ROOT)\STM32F1xxxx\STM32F1xx_HAL_Driver\Inc\stm32f1xx_hal_rcc.h">
      <Filter>Header files\Device-specific files\HAL</Filter>
    </ClInclude>
    <ClInclude Include="$(BSP_ROOT)\STM32F1xxxx\STM32F1xx_HAL_Driver\Inc\stm32f1xx_hal_rcc_ex.h">
      <Filter>Header files\Device-specific files\HAL</Filter>
    </ClInclude>
    <ClInclude Include="$(BSP_ROOT)\STM32F1xxxx\STM32F1xx_HAL_Driver\Inc\stm32f1xx_hal_rtc.h">
      <Filter>Header files\Device-specific files\HAL</Filter>
    </ClInclude>
    <ClInclude Include="$(BSP_ROOT)\STM32F1xxxx\STM32F1xx_HAL_Driver\Inc\stm32f1xx_hal_rtc_ex.h">
      <Filter>Header files\Device-specific files\HAL</Filter>
    </ClInclude>
    <ClInclude Include="$(BSP_ROOT)\STM32F1xxxx\STM32F1xx_HAL_Driver\Inc\stm32f1xx_hal_sd.h">
      <Filter>Header files\Device-specific files\HAL</Filter>
    </ClInclude>
    <ClInclude Include="$(BSP_ROOT)\STM32F1xxxx\STM32F1xx_HAL_Driver\Inc\stm32f1xx_hal_smartcard.h">
      <Filter>Header files\Device-specific files\HAL</Filter>
    </ClInclude>
    <ClInclude Include="$(BSP_ROOT)\STM32F1xxxx\STM32F1xx_HAL_Driver\Inc\stm32f1xx_hal_spi.h">
      <Filter>Header files\Device-specific files\HAL</Filter>
    </ClInclude>
    <ClInclude Include="$(BSP_ROOT)\STM32F1xxxx\STM32F1xx_HAL_Driver\Inc\stm32f1xx_hal_sram.h">
      <Filter>Header files\Device-specific files\HAL</Filter>
    </ClInclude>
    <ClInclude Include="$(BSP_ROOT)\STM32F1xxxx\STM32F1xx_HAL_Driver\Inc\stm32f1xx_hal_tim.h">
      <Filter>Header files\Device-specific files\HAL</Filter>
    </ClInclude>
    <ClInclude Include="$(BSP_ROOT)\STM32F1xxxx\STM32F1xx_HAL_Driver\Inc\stm32f1xx_hal_tim_ex.h">
      <Filter>Header files\Device-specific files\HAL</Filter>
    </ClInclude>
    <ClInclude Include="$(BSP_ROOT)\STM32F1xxxx\STM32F1xx_HAL_Driver\Inc\stm32f1xx_hal_uart.h">
      <Filter>Header files\Device-specific files\HAL</Filter>
    </ClInclude>
    <ClInclude Include="$(BSP_ROOT)\STM32F1xxxx\STM32F1xx_HAL_Driver\Inc\stm32f1xx_hal_usart.h">
      <Filter>Header files\Device-specific files\HAL</Filter>
    </ClInclude>
    <ClInclude Include="$(BSP_ROOT)\STM32F1xxxx\STM32F1xx_HAL_Driver\Inc\stm32f1xx_hal_wwdg.h">
      <Filter>Header files\Device-specific files\HAL</Filter>
    </ClInclude>
    <ClInclude Include="$(BSP_ROOT)\STM32F1xxxx\STM32F1xx_HAL_Driver\Inc\stm32f1xx_ll_adc.h">
      <Filter>Header files\Device-specific files\HAL</Filter>
    </ClInclude>
    <ClInclude Include="$(BSP_ROOT)\STM32F1xxxx\STM32F1xx_HAL_Driver\Inc\stm32f1xx_ll_bus.h">
      <Filter>Header files\Device-specific files\HAL</Filter>
    </ClInclude>
    <ClInclude Include="$(BSP_ROOT)\STM32F1xxxx\STM32F1xx_HAL_Driver\Inc\stm32f1xx_ll_cortex.h">
      <Filter>Header files\Device-specific files\HAL</Filter>
    </ClInclude>
    <ClInclude Include="$(BSP_ROOT)\STM32F1xxxx\STM32F1xx_HAL_Driver\Inc\stm32f1xx_ll_crc.h">
      <Filter>Header files\Device-specific files\HAL</Filter>
    </ClInclude>
    <ClInclude Include="$(BSP_ROOT)\STM32F1xxxx\STM32F1xx_HAL_Driver\Inc\stm32f1xx_ll_dac.h">
      <Filter>Header files\Device-specific files\HAL</Filter>
    </ClInclude>
    <ClInclude Include="$(BSP_ROOT)\STM32F1xxxx\STM32F1xx_HAL_Driver\Inc\stm32f1xx_ll_dma.h">
      <Filter>Header files\Device-specific files\HAL</Filter>
    </ClInclude>
    <ClInclude Include="$(BSP_ROOT)\STM32F1xxxx\STM32F1xx_HAL_Driver\Inc\stm32f1xx_ll_exti.h">
      <Filter>Header files\Device-specific files\HAL</Filter>
    </ClInclude>
    <ClInclude Include="$(BSP_ROOT)\STM32F1xxxx\STM32F1xx_HAL_Driver\Inc\stm32f1xx_ll_fsmc.h">
      <Filter>Header files\Device-specific files\HAL</Filter>
    </ClInclude>
    <ClInclude Include="$(BSP_ROOT)\STM32F1xxxx\STM32F1xx_HAL_Driver\Inc\stm32f1xx_ll_gpio.h">
      <Filter>Header files\Device-specific files\HAL</Filter>
    </ClInclude>
    <ClInclude Include="$(BSP_ROOT)\STM32F1xxxx\STM32F1xx_HAL_Driver\Inc\stm32f1xx_ll_i2c.h">
      <Filter>Header files\Device-specific files\HAL</Filter>
    </ClInclude>
    <ClInclude Include="$(BSP_ROOT)\STM32F1xxxx\STM32F1xx_HAL_Driver\Inc\stm32f1xx_ll_iwdg.h">
      <Filter>Header files\Device-specific files\HAL</Filter>
    </ClInclude>
    <ClInclude Include="$(BSP_ROOT)\STM32F1xxxx\STM32F1xx_HAL_Driver\Inc\stm32f1xx_ll_pwr.h">
      <Filter>Header files\Device-specific files\HAL</Filter>
    </ClInclude>
    <ClInclude Include="$(BSP_ROOT)\STM32F1xxxx\STM32F1xx_HAL_Driver\Inc\stm32f1xx_ll_rcc.h">
      <Filter>Header files\Device-specific files\HAL</Filter>
    </ClInclude>
    <ClInclude Include="$(BSP_ROOT)\STM32F1xxxx\STM32F1xx_HAL_Driver\Inc\stm32f1xx_ll_rtc.h">
      <Filter>Header files\Device-specific files\HAL</Filter>
    </ClInclude>
    <ClInclude Include="$(BSP_ROOT)\STM32F1xxxx\STM32F1xx_HAL_Driver\Inc\stm32f1xx_ll_sdmmc.h">
      <Filter>Header files\Device-specific files\HAL</Filter>
    </ClInclude>
    <ClInclude Include="$(BSP_ROOT)\STM32F1xxxx\STM32F1xx_HAL_Driver\Inc\stm32f1xx_ll_spi.h">
      <Filter>Header files\Device-specific files\HAL</Filter>
    </ClInclude>
    <ClInclude Include="$(BSP_ROOT)\STM32F1xxxx\STM32F1xx_HAL_Driver\Inc\stm32f1xx_ll_system.h">
      <Filter>Header files\Device-specific files\HAL</Filter>
    </ClInclude>
    <ClInclude Include="$(BSP_ROOT)\STM32F1xxxx\STM32F1xx_HAL_Driver\Inc\stm32f1xx_ll_tim.h">
      <Filter>Header files\Device-specific files\HAL</Filter>
    </ClInclude>
    <ClInclude Include="$(BSP_ROOT)\STM32F1xxxx\STM32F1xx_HAL_Driver\Inc\stm32f1xx_ll_usart.h">
      <Filter>Header files\Device-specific files\HAL</Filter>
    </ClInclude>
    <ClInclude Include="$(BSP_ROOT)\STM32F1xxxx\STM32F1xx_HAL_Driver\Inc\stm32f1xx_ll_usb.h">
      <Filter>Header files\Device-specific files\HAL</Filter>
    </ClInclude>
    <ClInclude Include="$(BSP_ROOT)\STM32F1xxxx\STM32F1xx_HAL_Driver\Inc\stm32f1xx_ll_utils.h">
      <Filter>Header files\Device-specific files\HAL</Filter>
    </ClInclude>
    <ClInclude Include="$(BSP_ROOT)\STM32F1xxxx\STM32F1xx_HAL_Driver\Inc\stm32f1xx_ll_wwdg.h">
      <Filter>Header files\Device-specific files\HAL</Filter>
    </ClInclude>
    <ClInclude Include="$(BSP_ROOT)\STM32F1xxxx\STM32F1xx_HAL_Driver\Inc\Legacy\stm32_hal_legacy.h">
      <Filter>Header files\Device-specific files\HAL</Filter>
    </ClInclude>
    <ClInclude Include="$(BSP_ROOT)\STM32F1xxxx\CMSIS_HAL\Device\ST\STM32F1xx\Include\stm32f1xx.h">
      <Filter>Header files\Device-specific files\HAL</Filter>
    </ClInclude>
    <ClInclude Include="$(BSP_ROOT)\STM32F1xxxx\CMSIS_HAL\Device\ST\STM32F1xx\Include\system_stm32f1xx.h">
      <Filter>Header files\Device-specific files\HAL</Filter>
    </ClInclude>
    <ClInclude Include="$(BSP_ROOT)\STM32F1xxxx\CMSIS_HAL\Include\arm_common_tables.h">
      <Filter>Header files\Device-specific files\HAL</Filter>
    </ClInclude>
    <ClInclude Include="$(BSP_ROOT)\STM32F1xxxx\CMSIS_HAL\Include\arm_const_structs.h">
      <Filter>Header files\Device-specific files\HAL</Filter>
    </ClInclude>
    <ClInclude Include="$(BSP_ROOT)\STM32F1xxxx\CMSIS_HAL\Include\arm_math.h">
      <Filter>Header files\Device-specific files\HAL</Filter>
    </ClInclude>
    <ClInclude Include="$(BSP_ROOT)\STM32F1xxxx\CMSIS_HAL\Include\cmsis_armcc.h">
      <Filter>Header files\Device-specific files\HAL</Filter>
    </ClInclude>
    <ClInclude Include="$(BSP_ROOT)\STM32F1xxxx\CMSIS_HAL\Include\cmsis_armcc_V6.h">
      <Filter>Header files\Device-specific files\HAL</Filter>
    </ClInclude>
    <ClInclude Include="$(BSP_ROOT)\STM32F1xxxx\CMSIS_HAL\Include\cmsis_gcc.h">
      <Filter>Header files\Device-specific files\HAL</Filter>
    </ClInclude>
    <ClInclude Include="$(BSP_ROOT)\STM32F1xxxx\CMSIS_HAL\Include\core_cm0.h">
      <Filter>Header files\Device-specific files\HAL</Filter>
    </ClInclude>
    <ClInclude Include="$(BSP_ROOT)\STM32F1xxxx\CMSIS_HAL\Include\core_cm0plus.h">
      <Filter>Header files\Device-specific files\HAL</Filter>
    </ClInclude>
    <ClInclude Include="$(BSP_ROOT)\STM32F1xxxx\CMSIS_HAL\Include\core_cm3.h">
      <Filter>Header files\Device-specific files\HAL</Filter>
    </ClInclude>
    <ClInclude Include="$(BSP_ROOT)\STM32F1xxxx\CMSIS_HAL\Include\core_cm4.h">
      <Filter>Header files\Device-specific files\HAL</Filter>
    </ClInclude>
    <ClInclude Include="$(BSP_ROOT)\STM32F1xxxx\CMSIS_HAL\Include\core_cm7.h">
      <Filter>Header files\Device-specific files\HAL</Filter>
    </ClInclude>
    <ClInclude Include="$(BSP_ROOT)\STM32F1xxxx\CMSIS_HAL\Include\core_cmFunc.h">
      <Filter>Header files\Device-specific files\HAL</Filter>
    </ClInclude>
    <ClInclude Include="$(BSP_ROOT)\STM32F1xxxx\CMSIS_HAL\Include\core_cmInstr.h">
      <Filter>Header files\Device-specific files\HAL</Filter>
    </ClInclude>
    <ClInclude Include="$(BSP_ROOT)\STM32F1xxxx\CMSIS_HAL\Include\core_cmSimd.h">
      <Filter>Header files\Device-specific files\HAL</Filter>
    </ClInclude>
    <ClInclude Include="$(BSP_ROOT)\STM32F1xxxx\CMSIS_HAL\Include\core_sc000.h">
      <Filter>Header files\Device-specific files\HAL</Filter>
    </ClInclude>
    <ClInclude Include="$(BSP_ROOT)\STM32F1xxxx\CMSIS_HAL\Include\core_sc300.h">
      <Filter>Header files\Device-specific files\HAL</Filter>
    </ClInclude>
    <ClInclude Include="$(BSP_ROOT)\STM32F1xxxx\CMSIS_HAL\RTOS\Template\cmsis_os.h">
      <Filter>Header files\Device-specific files\HAL</Filter>
    </ClInclude>
  </ItemGroup>
  <ItemGroup>
    <ClCompile Include="..\Src\adc.c">
      <Filter>Source files\Src</Filter>
    </ClCompile>
    <ClCompile Include="..\Src\dac.c">
      <Filter>Source files\Src</Filter>
    </ClCompile>
    <ClCompile Include="..\Src\dataProcessing.c">
      <Filter>Source files\Src</Filter>
    </ClCompile>
    <ClCompile Include="..\Src\freertos.c">
      <Filter>Source files\Src</Filter>
    </ClCompile>
    <ClCompile Include="..\Src\gpio.c">
      <Filter>Source files\Src</Filter>
    </ClCompile>
    <ClCompile Include="..\Src\i2c.c">
      <Filter>Source files\Src</Filter>
    </ClCompile>
    <ClCompile Include="..\Src\main.c">
      <Filter>Source files\Src</Filter>
    </ClCompile>
    <ClCompile Include="..\Src\modbusToAndroid.c">
      <Filter>Source files\Src</Filter>
    </ClCompile>
    <ClCompile Include="..\Src\stm32f1xx_hal_msp.c">
      <Filter>Source files\Src</Filter>
    </ClCompile>
    <ClCompile Include="..\Src\stm32f1xx_hal_timebase_TIM.c">
      <Filter>Source files\Src</Filter>
    </ClCompile>
    <ClCompile Include="..\Src\stm32f1xx_it.c">
      <Filter>Source files\Src</Filter>
    </ClCompile>
    <ClCompile Include="..\Src\system_stm32f1xx.c">
      <Filter>Source files\Src</Filter>
    </ClCompile>
    <ClCompile Include="..\Src\usart.c">
      <Filter>Source files\Src</Filter>
    </ClCompile>
  </ItemGroup>
  <ItemGroup>
    <None Include="Makefile" />
    <None Include="debug.mak">
      <Filter>Make files</Filter>
    </None>
    <None Include="JCKZ-Debug.vgdbsettings">
      <Filter>VisualGDB settings</Filter>
    </None>
    <None Include="release.mak">
      <Filter>Make files</Filter>
    </None>
    <None Include="JCKZ-Release.vgdbsettings">
      <Filter>VisualGDB settings</Filter>
    </None>
    <None Include="stm32.mak">
      <Filter>Source files\Device-specific files</Filter>
    </None>
  </ItemGroup>
  <ItemGroup>
    <Xml Include="stm32.xml">
      <Filter>VisualGDB settings</Filter>
    </Xml>
  </ItemGroup>
  <ItemGroup>
  </ItemGroup>
</Project>